
Microsoft Visual Studio Solution File, Format Version 12.00
# Visual Studio 2015
Project("{FAE04EC0-301F-11D3-BF4B-00C04F79EFBC}") = "VR-Physics", "VR-Physics.csproj", "{21942BB8-CB36-7070-7E0B-AFE1D4A5ADDB}"
EndProject
Global
	GlobalSection(SolutionConfigurationPlatforms) = preSolution
		Debug|Any CPU = Debug|Any CPU
		Release|Any CPU = Release|Any CPU
	EndGlobalSection
	GlobalSection(ProjectConfigurationPlatforms) = postSolution
		{21942BB8-CB36-7070-7E0B-AFE1D4A5ADDB}.Debug|Any CPU.ActiveCfg = Debug|Any CPU
		{21942BB8-CB36-7070-7E0B-AFE1D4A5ADDB}.Debug|Any CPU.Build.0 = Debug|Any CPU
		{21942BB8-CB36-7070-7E0B-AFE1D4A5ADDB}.Release|Any CPU.ActiveCfg = Release|Any CPU
		{21942BB8-CB36-7070-7E0B-AFE1D4A5ADDB}.Release|Any CPU.Build.0 = Release|Any CPU
	EndGlobalSection
	GlobalSection(SolutionProperties) = preSolution
		HideSolutionNode = FALSE
	EndGlobalSection
EndGlobal
